// !$*UTF8*$!
{
	archiveVersion = 1;
	classes = {
	};
	objectVersion = 46;
	objects = {

/* Begin PBXBuildFile section */
		3D1957DF1CCCE2C6000A879A /* TurtleBezierPath.h in Sources */ = {isa = PBXBuildFile; fileRef = 3D8BBAFA1CAC741B00F8D7A4 /* TurtleBezierPath.h */; };
		3D1957E01CCCE2C6000A879A /* TurtleBezierPath.m in Sources */ = {isa = PBXBuildFile; fileRef = 3D8BBAFB1CAC741B00F8D7A4 /* TurtleBezierPath.m */; };
		3D1957E11CCCE2C6000A879A /* CYRKeyboardButton.h in Sources */ = {isa = PBXBuildFile; fileRef = 3D8BBB041CAC775800F8D7A4 /* CYRKeyboardButton.h */; };
		3D1957E21CCCE2C6000A879A /* CYRKeyboardButton.m in Sources */ = {isa = PBXBuildFile; fileRef = 3D8BBB051CAC775800F8D7A4 /* CYRKeyboardButton.m */; };
		3D1957E31CCCE2C6000A879A /* CYRKeyboardButtonView.h in Sources */ = {isa = PBXBuildFile; fileRef = 3D8BBB061CAC775800F8D7A4 /* CYRKeyboardButtonView.h */; };
		3D1957E41CCCE2C6000A879A /* CYRKeyboardButtonView.m in Sources */ = {isa = PBXBuildFile; fileRef = 3D8BBB071CAC775800F8D7A4 /* CYRKeyboardButtonView.m */; };
		3D7705A01E9055F6008B4C55 /* dismiss_landscape.png in Resources */ = {isa = PBXBuildFile; fileRef = 3D77059C1E9055F6008B4C55 /* dismiss_landscape.png */; };
		3D7705A11E9055F6008B4C55 /* dismiss_landscape.png in Resources */ = {isa = PBXBuildFile; fileRef = 3D77059C1E9055F6008B4C55 /* dismiss_landscape.png */; };
		3D7705A21E9055F6008B4C55 /* dismiss_portrait.png in Resources */ = {isa = PBXBuildFile; fileRef = 3D77059D1E9055F6008B4C55 /* dismiss_portrait.png */; };
		3D7705A31E9055F6008B4C55 /* dismiss_portrait.png in Resources */ = {isa = PBXBuildFile; fileRef = 3D77059D1E9055F6008B4C55 /* dismiss_portrait.png */; };
		3D7705A41E9055F6008B4C55 /* dismiss_split-163r.png in Resources */ = {isa = PBXBuildFile; fileRef = 3D77059E1E9055F6008B4C55 /* dismiss_split-163r.png */; };
		3D7705A51E9055F6008B4C55 /* dismiss_split-163r.png in Resources */ = {isa = PBXBuildFile; fileRef = 3D77059E1E9055F6008B4C55 /* dismiss_split-163r.png */; };
		3D7705A61E9055F6008B4C55 /* dismiss_split.png in Resources */ = {isa = PBXBuildFile; fileRef = 3D77059F1E9055F6008B4C55 /* dismiss_split.png */; };
		3D7705A71E9055F6008B4C55 /* dismiss_split.png in Resources */ = {isa = PBXBuildFile; fileRef = 3D77059F1E9055F6008B4C55 /* dismiss_split.png */; };
		3D7705AC1E90560B008B4C55 /* bold_dismiss_landscape.png in Resources */ = {isa = PBXBuildFile; fileRef = 3D7705A81E90560B008B4C55 /* bold_dismiss_landscape.png */; };
		3D7705AD1E90560B008B4C55 /* bold_dismiss_landscape.png in Resources */ = {isa = PBXBuildFile; fileRef = 3D7705A81E90560B008B4C55 /* bold_dismiss_landscape.png */; };
		3D7705AE1E90560B008B4C55 /* bold_dismiss_portrait.png in Resources */ = {isa = PBXBuildFile; fileRef = 3D7705A91E90560B008B4C55 /* bold_dismiss_portrait.png */; };
		3D7705AF1E90560B008B4C55 /* bold_dismiss_portrait.png in Resources */ = {isa = PBXBuildFile; fileRef = 3D7705A91E90560B008B4C55 /* bold_dismiss_portrait.png */; };
		3D7705B01E90560B008B4C55 /* bold_dismiss_split-163r.png in Resources */ = {isa = PBXBuildFile; fileRef = 3D7705AA1E90560B008B4C55 /* bold_dismiss_split-163r.png */; };
		3D7705B11E90560B008B4C55 /* bold_dismiss_split-163r.png in Resources */ = {isa = PBXBuildFile; fileRef = 3D7705AA1E90560B008B4C55 /* bold_dismiss_split-163r.png */; };
		3D7705B21E90560B008B4C55 /* bold_dismiss_split.png in Resources */ = {isa = PBXBuildFile; fileRef = 3D7705AB1E90560B008B4C55 /* bold_dismiss_split.png */; };
		3D7705B31E90560B008B4C55 /* bold_dismiss_split.png in Resources */ = {isa = PBXBuildFile; fileRef = 3D7705AB1E90560B008B4C55 /* bold_dismiss_split.png */; };
		3D8BBAD11CAC40C800F8D7A4 /* main.m in Sources */ = {isa = PBXBuildFile; fileRef = 3D8BBAD01CAC40C800F8D7A4 /* main.m */; };
		3D8BBAD41CAC40C800F8D7A4 /* AppDelegate.m in Sources */ = {isa = PBXBuildFile; fileRef = 3D8BBAD31CAC40C800F8D7A4 /* AppDelegate.m */; };
		3D8BBAD71CAC40C800F8D7A4 /* ViewController.m in Sources */ = {isa = PBXBuildFile; fileRef = 3D8BBAD61CAC40C800F8D7A4 /* ViewController.m */; };
		3D8BBADA1CAC40C800F8D7A4 /* Main.storyboard in Resources */ = {isa = PBXBuildFile; fileRef = 3D8BBAD81CAC40C800F8D7A4 /* Main.storyboard */; };
		3D8BBADC1CAC40C800F8D7A4 /* Assets.xcassets in Resources */ = {isa = PBXBuildFile; fileRef = 3D8BBADB1CAC40C800F8D7A4 /* Assets.xcassets */; };
		3D8BBADF1CAC40C800F8D7A4 /* LaunchScreen.storyboard in Resources */ = {isa = PBXBuildFile; fileRef = 3D8BBADD1CAC40C800F8D7A4 /* LaunchScreen.storyboard */; };
		3D8BBAEE1CAC415C00F8D7A4 /* KeyboardViewController.m in Sources */ = {isa = PBXBuildFile; fileRef = 3D8BBAED1CAC415C00F8D7A4 /* KeyboardViewController.m */; };
		3D8BBAF21CAC415C00F8D7A4 /* ArmenianKeyboard.appex in Embed App Extensions */ = {isa = PBXBuildFile; fileRef = 3D8BBAEA1CAC415C00F8D7A4 /* ArmenianKeyboard.appex */; settings = {ATTRIBUTES = (RemoveHeadersOnCopy, ); }; };
		3D8BBAF91CAC739500F8D7A4 /* Alpha.m in Sources */ = {isa = PBXBuildFile; fileRef = 3D8BBAF81CAC739500F8D7A4 /* Alpha.m */; };
		3D8BBAFC1CAC741B00F8D7A4 /* TurtleBezierPath.m in Sources */ = {isa = PBXBuildFile; fileRef = 3D8BBAFB1CAC741B00F8D7A4 /* TurtleBezierPath.m */; };
		3D8BBB081CAC775800F8D7A4 /* CYRKeyboardButton.m in Sources */ = {isa = PBXBuildFile; fileRef = 3D8BBB051CAC775800F8D7A4 /* CYRKeyboardButton.m */; };
		3D8BBB091CAC775800F8D7A4 /* CYRKeyboardButtonView.m in Sources */ = {isa = PBXBuildFile; fileRef = 3D8BBB071CAC775800F8D7A4 /* CYRKeyboardButtonView.m */; };
		3D8BBB0C1CAC7BD100F8D7A4 /* Colors.m in Sources */ = {isa = PBXBuildFile; fileRef = 3D8BBB0B1CAC7BD100F8D7A4 /* Colors.m */; };
		3D8BBB0E1CAC7E2900F8D7A4 /* arnamu.ttf in Resources */ = {isa = PBXBuildFile; fileRef = 3D8BBB0D1CAC7E2900F8D7A4 /* arnamu.ttf */; };
		3D8BBB0F1CAC7E2900F8D7A4 /* arnamu.ttf in Resources */ = {isa = PBXBuildFile; fileRef = 3D8BBB0D1CAC7E2900F8D7A4 /* arnamu.ttf */; };
		3D9103301E2EBBBF00B7EDAE /* OpenSans-Regular.ttf in Resources */ = {isa = PBXBuildFile; fileRef = 3D91032F1E2EBBBF00B7EDAE /* OpenSans-Regular.ttf */; };
		3D9103311E2EBBBF00B7EDAE /* OpenSans-Regular.ttf in Resources */ = {isa = PBXBuildFile; fileRef = 3D91032F1E2EBBBF00B7EDAE /* OpenSans-Regular.ttf */; };
		3D9103331E2EBC3500B7EDAE /* SF-UI-Display-Light.otf in Resources */ = {isa = PBXBuildFile; fileRef = 3D9103321E2EBC3500B7EDAE /* SF-UI-Display-Light.otf */; };
		3D9103341E2EBC3500B7EDAE /* SF-UI-Display-Light.otf in Resources */ = {isa = PBXBuildFile; fileRef = 3D9103321E2EBC3500B7EDAE /* SF-UI-Display-Light.otf */; };
		3D9103381E2EBC6400B7EDAE /* SwipeView.m in Sources */ = {isa = PBXBuildFile; fileRef = 3D9103371E2EBC6400B7EDAE /* SwipeView.m */; };
		3D9103391E2EBC6400B7EDAE /* SwipeView.m in Sources */ = {isa = PBXBuildFile; fileRef = 3D9103371E2EBC6400B7EDAE /* SwipeView.m */; };
		3D9103441E2EBC8F00B7EDAE /* HelpFirst.m in Sources */ = {isa = PBXBuildFile; fileRef = 3D91033B1E2EBC8F00B7EDAE /* HelpFirst.m */; };
		3D9103451E2EBC8F00B7EDAE /* HelpFirst.m in Sources */ = {isa = PBXBuildFile; fileRef = 3D91033B1E2EBC8F00B7EDAE /* HelpFirst.m */; };
		3D9103461E2EBC8F00B7EDAE /* HelpFourth.m in Sources */ = {isa = PBXBuildFile; fileRef = 3D91033D1E2EBC8F00B7EDAE /* HelpFourth.m */; };
		3D9103471E2EBC8F00B7EDAE /* HelpFourth.m in Sources */ = {isa = PBXBuildFile; fileRef = 3D91033D1E2EBC8F00B7EDAE /* HelpFourth.m */; };
		3D9103481E2EBC8F00B7EDAE /* HelpSecond.m in Sources */ = {isa = PBXBuildFile; fileRef = 3D91033F1E2EBC8F00B7EDAE /* HelpSecond.m */; };
		3D9103491E2EBC8F00B7EDAE /* HelpSecond.m in Sources */ = {isa = PBXBuildFile; fileRef = 3D91033F1E2EBC8F00B7EDAE /* HelpSecond.m */; };
		3D91034A1E2EBC8F00B7EDAE /* HelpThird.m in Sources */ = {isa = PBXBuildFile; fileRef = 3D9103411E2EBC8F00B7EDAE /* HelpThird.m */; };
		3D91034B1E2EBC8F00B7EDAE /* HelpThird.m in Sources */ = {isa = PBXBuildFile; fileRef = 3D9103411E2EBC8F00B7EDAE /* HelpThird.m */; };
		3D91034C1E2EBC8F00B7EDAE /* KeyboardSetup.m in Sources */ = {isa = PBXBuildFile; fileRef = 3D9103431E2EBC8F00B7EDAE /* KeyboardSetup.m */; };
		3D91034D1E2EBC8F00B7EDAE /* KeyboardSetup.m in Sources */ = {isa = PBXBuildFile; fileRef = 3D9103431E2EBC8F00B7EDAE /* KeyboardSetup.m */; };
		3D91035A1E2EBD7300B7EDAE /* Bullet.png in Resources */ = {isa = PBXBuildFile; fileRef = 3D91034E1E2EBD7300B7EDAE /* Bullet.png */; };
		3D91035B1E2EBD7300B7EDAE /* Bullet.png in Resources */ = {isa = PBXBuildFile; fileRef = 3D91034E1E2EBD7300B7EDAE /* Bullet.png */; };
		3D91035C1E2EBD7300B7EDAE /* CurrentBullet.png in Resources */ = {isa = PBXBuildFile; fileRef = 3D91034F1E2EBD7300B7EDAE /* CurrentBullet.png */; };
		3D91035D1E2EBD7300B7EDAE /* CurrentBullet.png in Resources */ = {isa = PBXBuildFile; fileRef = 3D91034F1E2EBD7300B7EDAE /* CurrentBullet.png */; };
		3D91035E1E2EBD7300B7EDAE /* IconCorner.png in Resources */ = {isa = PBXBuildFile; fileRef = 3D9103501E2EBD7300B7EDAE /* IconCorner.png */; };
		3D91035F1E2EBD7300B7EDAE /* IconCorner.png in Resources */ = {isa = PBXBuildFile; fileRef = 3D9103501E2EBD7300B7EDAE /* IconCorner.png */; };
		3D9103601E2EBD7300B7EDAE /* IconHome.png in Resources */ = {isa = PBXBuildFile; fileRef = 3D9103511E2EBD7300B7EDAE /* IconHome.png */; };
		3D9103611E2EBD7300B7EDAE /* IconHome.png in Resources */ = {isa = PBXBuildFile; fileRef = 3D9103511E2EBD7300B7EDAE /* IconHome.png */; };
		3D9103621E2EBD7300B7EDAE /* IconSettings.png in Resources */ = {isa = PBXBuildFile; fileRef = 3D9103521E2EBD7300B7EDAE /* IconSettings.png */; };
		3D9103631E2EBD7300B7EDAE /* IconSettings.png in Resources */ = {isa = PBXBuildFile; fileRef = 3D9103521E2EBD7300B7EDAE /* IconSettings.png */; };
		3D9103641E2EBD7300B7EDAE /* instruction1.png in Resources */ = {isa = PBXBuildFile; fileRef = 3D9103531E2EBD7300B7EDAE /* instruction1.png */; };
		3D9103651E2EBD7300B7EDAE /* instruction1.png in Resources */ = {isa = PBXBuildFile; fileRef = 3D9103531E2EBD7300B7EDAE /* instruction1.png */; };
		3D9103661E2EBD7300B7EDAE /* instruction2.png in Resources */ = {isa = PBXBuildFile; fileRef = 3D9103541E2EBD7300B7EDAE /* instruction2.png */; };
		3D9103671E2EBD7300B7EDAE /* instruction2.png in Resources */ = {isa = PBXBuildFile; fileRef = 3D9103541E2EBD7300B7EDAE /* instruction2.png */; };
		3D9103681E2EBD7300B7EDAE /* NextButton.png in Resources */ = {isa = PBXBuildFile; fileRef = 3D9103551E2EBD7300B7EDAE /* NextButton.png */; };
		3D9103691E2EBD7300B7EDAE /* NextButton.png in Resources */ = {isa = PBXBuildFile; fileRef = 3D9103551E2EBD7300B7EDAE /* NextButton.png */; };
		3D91036A1E2EBD7300B7EDAE /* SetupButton.png in Resources */ = {isa = PBXBuildFile; fileRef = 3D9103561E2EBD7300B7EDAE /* SetupButton.png */; };
		3D91036B1E2EBD7300B7EDAE /* SetupButton.png in Resources */ = {isa = PBXBuildFile; fileRef = 3D9103561E2EBD7300B7EDAE /* SetupButton.png */; };
		3D91036C1E2EBD7300B7EDAE /* Step1.png in Resources */ = {isa = PBXBuildFile; fileRef = 3D9103571E2EBD7300B7EDAE /* Step1.png */; };
		3D91036D1E2EBD7300B7EDAE /* Step1.png in Resources */ = {isa = PBXBuildFile; fileRef = 3D9103571E2EBD7300B7EDAE /* Step1.png */; };
		3D91036E1E2EBD7300B7EDAE /* Step2.png in Resources */ = {isa = PBXBuildFile; fileRef = 3D9103581E2EBD7300B7EDAE /* Step2.png */; };
		3D91036F1E2EBD7300B7EDAE /* Step2.png in Resources */ = {isa = PBXBuildFile; fileRef = 3D9103581E2EBD7300B7EDAE /* Step2.png */; };
		3D9103701E2EBD7300B7EDAE /* Step3.png in Resources */ = {isa = PBXBuildFile; fileRef = 3D9103591E2EBD7300B7EDAE /* Step3.png */; };
		3D9103711E2EBD7300B7EDAE /* Step3.png in Resources */ = {isa = PBXBuildFile; fileRef = 3D9103591E2EBD7300B7EDAE /* Step3.png */; };
		3DAA41321D03644F00E0E07C /* arnamu_bold.ttf in Resources */ = {isa = PBXBuildFile; fileRef = 3DAA41311D03644F00E0E07C /* arnamu_bold.ttf */; };
		3DAA41331D03644F00E0E07C /* arnamu_bold.ttf in Resources */ = {isa = PBXBuildFile; fileRef = 3DAA41311D03644F00E0E07C /* arnamu_bold.ttf */; };
		3DBC30111CB6A4A300F6E2EC /* PredictiveBar.m in Sources */ = {isa = PBXBuildFile; fileRef = 3DBC30101CB6A4A300F6E2EC /* PredictiveBar.m */; };
		3DFA62081CB1097E00EBB770 /* bold_delete_landscape@2x.png in Resources */ = {isa = PBXBuildFile; fileRef = 3DFA61EF1CB1097E00EBB770 /* bold_delete_landscape@2x.png */; };
		3DFA62091CB1097E00EBB770 /* bold_delete_landscape_skinny@2x.png in Resources */ = {isa = PBXBuildFile; fileRef = 3DFA61F01CB1097E00EBB770 /* bold_delete_landscape_skinny@2x.png */; };
		3DFA620A1CB1097E00EBB770 /* bold_delete_portrait@2x.png in Resources */ = {isa = PBXBuildFile; fileRef = 3DFA61F11CB1097E00EBB770 /* bold_delete_portrait@2x.png */; };
		3DFA620B1CB1097E00EBB770 /* bold_delete_portrait_skinny@2x.png in Resources */ = {isa = PBXBuildFile; fileRef = 3DFA61F21CB1097E00EBB770 /* bold_delete_portrait_skinny@2x.png */; };
		3DFA620C1CB1097E00EBB770 /* delete_landscape@2x.png in Resources */ = {isa = PBXBuildFile; fileRef = 3DFA61F31CB1097E00EBB770 /* delete_landscape@2x.png */; };
		3DFA620D1CB1097E00EBB770 /* delete_landscape_skinny@2x.png in Resources */ = {isa = PBXBuildFile; fileRef = 3DFA61F41CB1097E00EBB770 /* delete_landscape_skinny@2x.png */; };
		3DFA620E1CB1097E00EBB770 /* delete_portrait@2x.png in Resources */ = {isa = PBXBuildFile; fileRef = 3DFA61F51CB1097E00EBB770 /* delete_portrait@2x.png */; };
		3DFA620F1CB1097E00EBB770 /* delete_portrait_skinny@2x.png in Resources */ = {isa = PBXBuildFile; fileRef = 3DFA61F61CB1097E00EBB770 /* delete_portrait_skinny@2x.png */; };
		3DFA62101CB1097E00EBB770 /* bold_global_landscape@2x.png in Resources */ = {isa = PBXBuildFile; fileRef = 3DFA61F81CB1097E00EBB770 /* bold_global_landscape@2x.png */; };
		3DFA62111CB1097E00EBB770 /* bold_global_portrait@2x.png in Resources */ = {isa = PBXBuildFile; fileRef = 3DFA61F91CB1097E00EBB770 /* bold_global_portrait@2x.png */; };
		3DFA62121CB1097E00EBB770 /* global_landscape@2x.png in Resources */ = {isa = PBXBuildFile; fileRef = 3DFA61FA1CB1097E00EBB770 /* global_landscape@2x.png */; };
		3DFA62131CB1097E00EBB770 /* global_portrait@2x.png in Resources */ = {isa = PBXBuildFile; fileRef = 3DFA61FB1CB1097E00EBB770 /* global_portrait@2x.png */; };
		3DFA62141CB1097E00EBB770 /* shift_landscape@2x.png in Resources */ = {isa = PBXBuildFile; fileRef = 3DFA61FD1CB1097E00EBB770 /* shift_landscape@2x.png */; };
		3DFA62151CB1097E00EBB770 /* shift_landscape_skinny@2x.png in Resources */ = {isa = PBXBuildFile; fileRef = 3DFA61FE1CB1097E00EBB770 /* shift_landscape_skinny@2x.png */; };
		3DFA62161CB1097E00EBB770 /* shift_lock_landscape@2x.png in Resources */ = {isa = PBXBuildFile; fileRef = 3DFA61FF1CB1097E00EBB770 /* shift_lock_landscape@2x.png */; };
		3DFA62171CB1097E00EBB770 /* shift_lock_landscape_skinny@2x.png in Resources */ = {isa = PBXBuildFile; fileRef = 3DFA62001CB1097E00EBB770 /* shift_lock_landscape_skinny@2x.png */; };
		3DFA62181CB1097E00EBB770 /* shift_lock_portrait@2x.png in Resources */ = {isa = PBXBuildFile; fileRef = 3DFA62011CB1097E00EBB770 /* shift_lock_portrait@2x.png */; };
		3DFA62191CB1097E00EBB770 /* shift_lock_portrait_skinny@2x.png in Resources */ = {isa = PBXBuildFile; fileRef = 3DFA62021CB1097E00EBB770 /* shift_lock_portrait_skinny@2x.png */; };
		3DFA621A1CB1097E00EBB770 /* shift_lock_split_10key@2x.png in Resources */ = {isa = PBXBuildFile; fileRef = 3DFA62031CB1097E00EBB770 /* shift_lock_split_10key@2x.png */; };
		3DFA621B1CB1097E00EBB770 /* shift_portrait@2x.png in Resources */ = {isa = PBXBuildFile; fileRef = 3DFA62041CB1097E00EBB770 /* shift_portrait@2x.png */; };
		3DFA621C1CB1097E00EBB770 /* shift_portrait_skinny@2x.png in Resources */ = {isa = PBXBuildFile; fileRef = 3DFA62051CB1097E00EBB770 /* shift_portrait_skinny@2x.png */; };
		3DFA621D1CB1097E00EBB770 /* shift_split_10key-163r@2x.png in Resources */ = {isa = PBXBuildFile; fileRef = 3DFA62061CB1097E00EBB770 /* shift_split_10key-163r@2x.png */; };
		3DFA621E1CB1097E00EBB770 /* shift_split_10key@2x.png in Resources */ = {isa = PBXBuildFile; fileRef = 3DFA62071CB1097E00EBB770 /* shift_split_10key@2x.png */; };
		3DFA62681CB70D0800EBB770 /* HunspellBridge.mm in Sources */ = {isa = PBXBuildFile; fileRef = 3DFA62651CB70D0800EBB770 /* HunspellBridge.mm */; };
		3DFA62691CB70D0800EBB770 /* SpellChecker.mm in Sources */ = {isa = PBXBuildFile; fileRef = 3DFA62671CB70D0800EBB770 /* SpellChecker.mm */; };
		3DFA626D1CB70D5A00EBB770 /* hy-AM.aff in Resources */ = {isa = PBXBuildFile; fileRef = 3DFA626B1CB70D5A00EBB770 /* hy-AM.aff */; };
		3DFA626E1CB70D5A00EBB770 /* hy-AM.dic in Resources */ = {isa = PBXBuildFile; fileRef = 3DFA626C1CB70D5A00EBB770 /* hy-AM.dic */; };
		3DFA62951CB70DA300EBB770 /* affentry.mm in Sources */ = {isa = PBXBuildFile; fileRef = 3DFA62711CB70DA300EBB770 /* affentry.mm */; };
		3DFA62961CB70DA300EBB770 /* affixmgr.mm in Sources */ = {isa = PBXBuildFile; fileRef = 3DFA62731CB70DA300EBB770 /* affixmgr.mm */; };
		3DFA62971CB70DA300EBB770 /* csutil.mm in Sources */ = {isa = PBXBuildFile; fileRef = 3DFA62781CB70DA300EBB770 /* csutil.mm */; };
		3DFA62981CB70DA300EBB770 /* dictmgr.mm in Sources */ = {isa = PBXBuildFile; fileRef = 3DFA627A1CB70DA300EBB770 /* dictmgr.mm */; };
		3DFA62991CB70DA300EBB770 /* filemgr.mm in Sources */ = {isa = PBXBuildFile; fileRef = 3DFA627C1CB70DA300EBB770 /* filemgr.mm */; };
		3DFA629A1CB70DA300EBB770 /* hashmgr.mm in Sources */ = {isa = PBXBuildFile; fileRef = 3DFA627E1CB70DA300EBB770 /* hashmgr.mm */; };
		3DFA629B1CB70DA300EBB770 /* hunspell.dsp in Resources */ = {isa = PBXBuildFile; fileRef = 3DFA62801CB70DA300EBB770 /* hunspell.dsp */; };
		3DFA629C1CB70DA300EBB770 /* hunspell.mm in Sources */ = {isa = PBXBuildFile; fileRef = 3DFA62821CB70DA300EBB770 /* hunspell.mm */; };
		3DFA629D1CB70DA300EBB770 /* hunvisapi.h.in in Resources */ = {isa = PBXBuildFile; fileRef = 3DFA62841CB70DA300EBB770 /* hunvisapi.h.in */; };
		3DFA629E1CB70DA300EBB770 /* hunzip.mm in Sources */ = {isa = PBXBuildFile; fileRef = 3DFA62861CB70DA300EBB770 /* hunzip.mm */; };
		3DFA629F1CB70DA300EBB770 /* license.hunspell in Resources */ = {isa = PBXBuildFile; fileRef = 3DFA62881CB70DA300EBB770 /* license.hunspell */; };
		3DFA62A01CB70DA300EBB770 /* license.myspell in Resources */ = {isa = PBXBuildFile; fileRef = 3DFA62891CB70DA300EBB770 /* license.myspell */; };
		3DFA62A11CB70DA300EBB770 /* Makefile.am in Resources */ = {isa = PBXBuildFile; fileRef = 3DFA628A1CB70DA300EBB770 /* Makefile.am */; };
		3DFA62A21CB70DA300EBB770 /* Makefile.in in Resources */ = {isa = PBXBuildFile; fileRef = 3DFA628B1CB70DA300EBB770 /* Makefile.in */; };
		3DFA62A31CB70DA300EBB770 /* makefile.mk in Resources */ = {isa = PBXBuildFile; fileRef = 3DFA628C1CB70DA300EBB770 /* makefile.mk */; };
		3DFA62A41CB70DA300EBB770 /* phonet.mm in Sources */ = {isa = PBXBuildFile; fileRef = 3DFA628E1CB70DA300EBB770 /* phonet.mm */; };
		3DFA62A51CB70DA300EBB770 /* README in Resources */ = {isa = PBXBuildFile; fileRef = 3DFA628F1CB70DA300EBB770 /* README */; };
		3DFA62A61CB70DA300EBB770 /* replist.mm in Sources */ = {isa = PBXBuildFile; fileRef = 3DFA62911CB70DA300EBB770 /* replist.mm */; };
		3DFA62A71CB70DA300EBB770 /* suggestmgr.mm in Sources */ = {isa = PBXBuildFile; fileRef = 3DFA62931CB70DA300EBB770 /* suggestmgr.mm */; };
/* End PBXBuildFile section */

/* Begin PBXContainerItemProxy section */
		3D8BBAF01CAC415C00F8D7A4 /* PBXContainerItemProxy */ = {
			isa = PBXContainerItemProxy;
			containerPortal = 3D8BBAC41CAC40C700F8D7A4 /* Project object */;
			proxyType = 1;
			remoteGlobalIDString = 3D8BBAE91CAC415C00F8D7A4;
			remoteInfo = Armenian;
		};
/* End PBXContainerItemProxy section */

/* Begin PBXCopyFilesBuildPhase section */
		3D8BBAF61CAC415C00F8D7A4 /* Embed App Extensions */ = {
			isa = PBXCopyFilesBuildPhase;
			buildActionMask = 2147483647;
			dstPath = "";
			dstSubfolderSpec = 13;
			files = (
				3D8BBAF21CAC415C00F8D7A4 /* ArmenianKeyboard.appex in Embed App Extensions */,
			);
			name = "Embed App Extensions";
			runOnlyForDeploymentPostprocessing = 0;
		};
/* End PBXCopyFilesBuildPhase section */

/* Begin PBXFileReference section */
		3D77059C1E9055F6008B4C55 /* dismiss_landscape.png */ = {isa = PBXFileReference; lastKnownFileType = image.png; path = dismiss_landscape.png; sourceTree = "<group>"; };
		3D77059D1E9055F6008B4C55 /* dismiss_portrait.png */ = {isa = PBXFileReference; lastKnownFileType = image.png; path = dismiss_portrait.png; sourceTree = "<group>"; };
		3D77059E1E9055F6008B4C55 /* dismiss_split-163r.png */ = {isa = PBXFileReference; lastKnownFileType = image.png; path = "dismiss_split-163r.png"; sourceTree = "<group>"; };
		3D77059F1E9055F6008B4C55 /* dismiss_split.png */ = {isa = PBXFileReference; lastKnownFileType = image.png; path = dismiss_split.png; sourceTree = "<group>"; };
		3D7705A81E90560B008B4C55 /* bold_dismiss_landscape.png */ = {isa = PBXFileReference; lastKnownFileType = image.png; path = bold_dismiss_landscape.png; sourceTree = "<group>"; };
		3D7705A91E90560B008B4C55 /* bold_dismiss_portrait.png */ = {isa = PBXFileReference; lastKnownFileType = image.png; path = bold_dismiss_portrait.png; sourceTree = "<group>"; };
		3D7705AA1E90560B008B4C55 /* bold_dismiss_split-163r.png */ = {isa = PBXFileReference; lastKnownFileType = image.png; path = "bold_dismiss_split-163r.png"; sourceTree = "<group>"; };
		3D7705AB1E90560B008B4C55 /* bold_dismiss_split.png */ = {isa = PBXFileReference; lastKnownFileType = image.png; path = bold_dismiss_split.png; sourceTree = "<group>"; };
		3D8BBACC1CAC40C800F8D7A4 /* Armenian.app */ = {isa = PBXFileReference; explicitFileType = wrapper.application; includeInIndex = 0; path = Armenian.app; sourceTree = BUILT_PRODUCTS_DIR; };
		3D8BBAD01CAC40C800F8D7A4 /* main.m */ = {isa = PBXFileReference; lastKnownFileType = sourcecode.c.objc; path = main.m; sourceTree = "<group>"; };
		3D8BBAD21CAC40C800F8D7A4 /* AppDelegate.h */ = {isa = PBXFileReference; lastKnownFileType = sourcecode.c.h; path = AppDelegate.h; sourceTree = "<group>"; };
		3D8BBAD31CAC40C800F8D7A4 /* AppDelegate.m */ = {isa = PBXFileReference; lastKnownFileType = sourcecode.c.objc; path = AppDelegate.m; sourceTree = "<group>"; };
		3D8BBAD51CAC40C800F8D7A4 /* ViewController.h */ = {isa = PBXFileReference; lastKnownFileType = sourcecode.c.h; path = ViewController.h; sourceTree = "<group>"; };
		3D8BBAD61CAC40C800F8D7A4 /* ViewController.m */ = {isa = PBXFileReference; lastKnownFileType = sourcecode.c.objc; path = ViewController.m; sourceTree = "<group>"; };
		3D8BBAD91CAC40C800F8D7A4 /* Base */ = {isa = PBXFileReference; lastKnownFileType = file.storyboard; name = Base; path = Base.lproj/Main.storyboard; sourceTree = "<group>"; };
		3D8BBADB1CAC40C800F8D7A4 /* Assets.xcassets */ = {isa = PBXFileReference; lastKnownFileType = folder.assetcatalog; path = Assets.xcassets; sourceTree = "<group>"; };
		3D8BBADE1CAC40C800F8D7A4 /* Base */ = {isa = PBXFileReference; lastKnownFileType = file.storyboard; name = Base; path = Base.lproj/LaunchScreen.storyboard; sourceTree = "<group>"; };
		3D8BBAE01CAC40C800F8D7A4 /* Info.plist */ = {isa = PBXFileReference; lastKnownFileType = text.plist.xml; path = Info.plist; sourceTree = "<group>"; };
		3D8BBAEA1CAC415C00F8D7A4 /* ArmenianKeyboard.appex */ = {isa = PBXFileReference; explicitFileType = "wrapper.app-extension"; includeInIndex = 0; path = ArmenianKeyboard.appex; sourceTree = BUILT_PRODUCTS_DIR; };
		3D8BBAEC1CAC415C00F8D7A4 /* KeyboardViewController.h */ = {isa = PBXFileReference; lastKnownFileType = sourcecode.c.h; path = KeyboardViewController.h; sourceTree = "<group>"; };
		3D8BBAED1CAC415C00F8D7A4 /* KeyboardViewController.m */ = {isa = PBXFileReference; lastKnownFileType = sourcecode.c.objc; path = KeyboardViewController.m; sourceTree = "<group>"; };
		3D8BBAEF1CAC415C00F8D7A4 /* Info.plist */ = {isa = PBXFileReference; lastKnownFileType = text.plist.xml; path = Info.plist; sourceTree = "<group>"; };
		3D8BBAF71CAC739500F8D7A4 /* Alpha.h */ = {isa = PBXFileReference; fileEncoding = 4; lastKnownFileType = sourcecode.c.h; path = Alpha.h; sourceTree = "<group>"; };
		3D8BBAF81CAC739500F8D7A4 /* Alpha.m */ = {isa = PBXFileReference; fileEncoding = 4; lastKnownFileType = sourcecode.c.objc; path = Alpha.m; sourceTree = "<group>"; };
		3D8BBAFA1CAC741B00F8D7A4 /* TurtleBezierPath.h */ = {isa = PBXFileReference; fileEncoding = 4; lastKnownFileType = sourcecode.c.h; path = TurtleBezierPath.h; sourceTree = "<group>"; };
		3D8BBAFB1CAC741B00F8D7A4 /* TurtleBezierPath.m */ = {isa = PBXFileReference; fileEncoding = 4; lastKnownFileType = sourcecode.c.objc; path = TurtleBezierPath.m; sourceTree = "<group>"; };
		3D8BBB041CAC775800F8D7A4 /* CYRKeyboardButton.h */ = {isa = PBXFileReference; fileEncoding = 4; lastKnownFileType = sourcecode.c.h; path = CYRKeyboardButton.h; sourceTree = "<group>"; };
		3D8BBB051CAC775800F8D7A4 /* CYRKeyboardButton.m */ = {isa = PBXFileReference; fileEncoding = 4; lastKnownFileType = sourcecode.c.objc; path = CYRKeyboardButton.m; sourceTree = "<group>"; };
		3D8BBB061CAC775800F8D7A4 /* CYRKeyboardButtonView.h */ = {isa = PBXFileReference; fileEncoding = 4; lastKnownFileType = sourcecode.c.h; path = CYRKeyboardButtonView.h; sourceTree = "<group>"; };
		3D8BBB071CAC775800F8D7A4 /* CYRKeyboardButtonView.m */ = {isa = PBXFileReference; fileEncoding = 4; lastKnownFileType = sourcecode.c.objc; path = CYRKeyboardButtonView.m; sourceTree = "<group>"; };
		3D8BBB0A1CAC7BD100F8D7A4 /* Colors.h */ = {isa = PBXFileReference; fileEncoding = 4; lastKnownFileType = sourcecode.c.h; path = Colors.h; sourceTree = "<group>"; };
		3D8BBB0B1CAC7BD100F8D7A4 /* Colors.m */ = {isa = PBXFileReference; fileEncoding = 4; lastKnownFileType = sourcecode.c.objc; path = Colors.m; sourceTree = "<group>"; };
		3D8BBB0D1CAC7E2900F8D7A4 /* arnamu.ttf */ = {isa = PBXFileReference; lastKnownFileType = file; path = arnamu.ttf; sourceTree = "<group>"; };
		3D91032F1E2EBBBF00B7EDAE /* OpenSans-Regular.ttf */ = {isa = PBXFileReference; lastKnownFileType = file; path = "OpenSans-Regular.ttf"; sourceTree = "<group>"; };
		3D9103321E2EBC3500B7EDAE /* SF-UI-Display-Light.otf */ = {isa = PBXFileReference; lastKnownFileType = file; path = "SF-UI-Display-Light.otf"; sourceTree = "<group>"; };
		3D9103361E2EBC6400B7EDAE /* SwipeView.h */ = {isa = PBXFileReference; fileEncoding = 4; lastKnownFileType = sourcecode.c.h; path = SwipeView.h; sourceTree = "<group>"; };
		3D9103371E2EBC6400B7EDAE /* SwipeView.m */ = {isa = PBXFileReference; fileEncoding = 4; lastKnownFileType = sourcecode.c.objc; path = SwipeView.m; sourceTree = "<group>"; };
		3D91033A1E2EBC8F00B7EDAE /* HelpFirst.h */ = {isa = PBXFileReference; fileEncoding = 4; lastKnownFileType = sourcecode.c.h; path = HelpFirst.h; sourceTree = "<group>"; };
		3D91033B1E2EBC8F00B7EDAE /* HelpFirst.m */ = {isa = PBXFileReference; fileEncoding = 4; lastKnownFileType = sourcecode.c.objc; path = HelpFirst.m; sourceTree = "<group>"; };
		3D91033C1E2EBC8F00B7EDAE /* HelpFourth.h */ = {isa = PBXFileReference; fileEncoding = 4; lastKnownFileType = sourcecode.c.h; path = HelpFourth.h; sourceTree = "<group>"; };
		3D91033D1E2EBC8F00B7EDAE /* HelpFourth.m */ = {isa = PBXFileReference; fileEncoding = 4; lastKnownFileType = sourcecode.c.objc; path = HelpFourth.m; sourceTree = "<group>"; };
		3D91033E1E2EBC8F00B7EDAE /* HelpSecond.h */ = {isa = PBXFileReference; fileEncoding = 4; lastKnownFileType = sourcecode.c.h; path = HelpSecond.h; sourceTree = "<group>"; };
		3D91033F1E2EBC8F00B7EDAE /* HelpSecond.m */ = {isa = PBXFileReference; fileEncoding = 4; lastKnownFileType = sourcecode.c.objc; path = HelpSecond.m; sourceTree = "<group>"; };
		3D9103401E2EBC8F00B7EDAE /* HelpThird.h */ = {isa = PBXFileReference; fileEncoding = 4; lastKnownFileType = sourcecode.c.h; path = HelpThird.h; sourceTree = "<group>"; };
		3D9103411E2EBC8F00B7EDAE /* HelpThird.m */ = {isa = PBXFileReference; fileEncoding = 4; lastKnownFileType = sourcecode.c.objc; path = HelpThird.m; sourceTree = "<group>"; };
		3D9103421E2EBC8F00B7EDAE /* KeyboardSetup.h */ = {isa = PBXFileReference; fileEncoding = 4; lastKnownFileType = sourcecode.c.h; path = KeyboardSetup.h; sourceTree = "<group>"; };
		3D9103431E2EBC8F00B7EDAE /* KeyboardSetup.m */ = {isa = PBXFileReference; fileEncoding = 4; lastKnownFileType = sourcecode.c.objc; path = KeyboardSetup.m; sourceTree = "<group>"; };
		3D91034E1E2EBD7300B7EDAE /* Bullet.png */ = {isa = PBXFileReference; lastKnownFileType = image.png; path = Bullet.png; sourceTree = "<group>"; };
		3D91034F1E2EBD7300B7EDAE /* CurrentBullet.png */ = {isa = PBXFileReference; lastKnownFileType = image.png; path = CurrentBullet.png; sourceTree = "<group>"; };
		3D9103501E2EBD7300B7EDAE /* IconCorner.png */ = {isa = PBXFileReference; lastKnownFileType = image.png; path = IconCorner.png; sourceTree = "<group>"; };
		3D9103511E2EBD7300B7EDAE /* IconHome.png */ = {isa = PBXFileReference; lastKnownFileType = image.png; path = IconHome.png; sourceTree = "<group>"; };
		3D9103521E2EBD7300B7EDAE /* IconSettings.png */ = {isa = PBXFileReference; lastKnownFileType = image.png; path = IconSettings.png; sourceTree = "<group>"; };
		3D9103531E2EBD7300B7EDAE /* instruction1.png */ = {isa = PBXFileReference; lastKnownFileType = image.png; path = instruction1.png; sourceTree = "<group>"; };
		3D9103541E2EBD7300B7EDAE /* instruction2.png */ = {isa = PBXFileReference; lastKnownFileType = image.png; path = instruction2.png; sourceTree = "<group>"; };
		3D9103551E2EBD7300B7EDAE /* NextButton.png */ = {isa = PBXFileReference; lastKnownFileType = image.png; path = NextButton.png; sourceTree = "<group>"; };
		3D9103561E2EBD7300B7EDAE /* SetupButton.png */ = {isa = PBXFileReference; lastKnownFileType = image.png; path = SetupButton.png; sourceTree = "<group>"; };
		3D9103571E2EBD7300B7EDAE /* Step1.png */ = {isa = PBXFileReference; lastKnownFileType = image.png; path = Step1.png; sourceTree = "<group>"; };
		3D9103581E2EBD7300B7EDAE /* Step2.png */ = {isa = PBXFileReference; lastKnownFileType = image.png; path = Step2.png; sourceTree = "<group>"; };
		3D9103591E2EBD7300B7EDAE /* Step3.png */ = {isa = PBXFileReference; lastKnownFileType = image.png; path = Step3.png; sourceTree = "<group>"; };
		3DAA41311D03644F00E0E07C /* arnamu_bold.ttf */ = {isa = PBXFileReference; fileEncoding = 4; lastKnownFileType = text; path = arnamu_bold.ttf; sourceTree = "<group>"; };
		3DBC300F1CB6A4A300F6E2EC /* PredictiveBar.h */ = {isa = PBXFileReference; fileEncoding = 4; lastKnownFileType = sourcecode.c.h; path = PredictiveBar.h; sourceTree = "<group>"; };
		3DBC30101CB6A4A300F6E2EC /* PredictiveBar.m */ = {isa = PBXFileReference; fileEncoding = 4; lastKnownFileType = sourcecode.c.objc; path = PredictiveBar.m; sourceTree = "<group>"; };
		3DFA61EF1CB1097E00EBB770 /* bold_delete_landscape@2x.png */ = {isa = PBXFileReference; lastKnownFileType = image.png; path = "bold_delete_landscape@2x.png"; sourceTree = "<group>"; };
		3DFA61F01CB1097E00EBB770 /* bold_delete_landscape_skinny@2x.png */ = {isa = PBXFileReference; lastKnownFileType = image.png; path = "bold_delete_landscape_skinny@2x.png"; sourceTree = "<group>"; };
		3DFA61F11CB1097E00EBB770 /* bold_delete_portrait@2x.png */ = {isa = PBXFileReference; lastKnownFileType = image.png; path = "bold_delete_portrait@2x.png"; sourceTree = "<group>"; };
		3DFA61F21CB1097E00EBB770 /* bold_delete_portrait_skinny@2x.png */ = {isa = PBXFileReference; lastKnownFileType = image.png; path = "bold_delete_portrait_skinny@2x.png"; sourceTree = "<group>"; };
		3DFA61F31CB1097E00EBB770 /* delete_landscape@2x.png */ = {isa = PBXFileReference; lastKnownFileType = image.png; path = "delete_landscape@2x.png"; sourceTree = "<group>"; };
		3DFA61F41CB1097E00EBB770 /* delete_landscape_skinny@2x.png */ = {isa = PBXFileReference; lastKnownFileType = image.png; path = "delete_landscape_skinny@2x.png"; sourceTree = "<group>"; };
		3DFA61F51CB1097E00EBB770 /* delete_portrait@2x.png */ = {isa = PBXFileReference; lastKnownFileType = image.png; path = "delete_portrait@2x.png"; sourceTree = "<group>"; };
		3DFA61F61CB1097E00EBB770 /* delete_portrait_skinny@2x.png */ = {isa = PBXFileReference; lastKnownFileType = image.png; path = "delete_portrait_skinny@2x.png"; sourceTree = "<group>"; };
		3DFA61F81CB1097E00EBB770 /* bold_global_landscape@2x.png */ = {isa = PBXFileReference; lastKnownFileType = image.png; path = "bold_global_landscape@2x.png"; sourceTree = "<group>"; };
		3DFA61F91CB1097E00EBB770 /* bold_global_portrait@2x.png */ = {isa = PBXFileReference; lastKnownFileType = image.png; path = "bold_global_portrait@2x.png"; sourceTree = "<group>"; };
		3DFA61FA1CB1097E00EBB770 /* global_landscape@2x.png */ = {isa = PBXFileReference; lastKnownFileType = image.png; path = "global_landscape@2x.png"; sourceTree = "<group>"; };
		3DFA61FB1CB1097E00EBB770 /* global_portrait@2x.png */ = {isa = PBXFileReference; lastKnownFileType = image.png; path = "global_portrait@2x.png"; sourceTree = "<group>"; };
		3DFA61FD1CB1097E00EBB770 /* shift_landscape@2x.png */ = {isa = PBXFileReference; lastKnownFileType = image.png; path = "shift_landscape@2x.png"; sourceTree = "<group>"; };
		3DFA61FE1CB1097E00EBB770 /* shift_landscape_skinny@2x.png */ = {isa = PBXFileReference; lastKnownFileType = image.png; path = "shift_landscape_skinny@2x.png"; sourceTree = "<group>"; };
		3DFA61FF1CB1097E00EBB770 /* shift_lock_landscape@2x.png */ = {isa = PBXFileReference; lastKnownFileType = image.png; path = "shift_lock_landscape@2x.png"; sourceTree = "<group>"; };
		3DFA62001CB1097E00EBB770 /* shift_lock_landscape_skinny@2x.png */ = {isa = PBXFileReference; lastKnownFileType = image.png; path = "shift_lock_landscape_skinny@2x.png"; sourceTree = "<group>"; };
		3DFA62011CB1097E00EBB770 /* shift_lock_portrait@2x.png */ = {isa = PBXFileReference; lastKnownFileType = image.png; path = "shift_lock_portrait@2x.png"; sourceTree = "<group>"; };
		3DFA62021CB1097E00EBB770 /* shift_lock_portrait_skinny@2x.png */ = {isa = PBXFileReference; lastKnownFileType = image.png; path = "shift_lock_portrait_skinny@2x.png"; sourceTree = "<group>"; };
		3DFA62031CB1097E00EBB770 /* shift_lock_split_10key@2x.png */ = {isa = PBXFileReference; lastKnownFileType = image.png; path = "shift_lock_split_10key@2x.png"; sourceTree = "<group>"; };
		3DFA62041CB1097E00EBB770 /* shift_portrait@2x.png */ = {isa = PBXFileReference; lastKnownFileType = image.png; path = "shift_portrait@2x.png"; sourceTree = "<group>"; };
		3DFA62051CB1097E00EBB770 /* shift_portrait_skinny@2x.png */ = {isa = PBXFileReference; lastKnownFileType = image.png; path = "shift_portrait_skinny@2x.png"; sourceTree = "<group>"; };
		3DFA62061CB1097E00EBB770 /* shift_split_10key-163r@2x.png */ = {isa = PBXFileReference; lastKnownFileType = image.png; path = "shift_split_10key-163r@2x.png"; sourceTree = "<group>"; };
		3DFA62071CB1097E00EBB770 /* shift_split_10key@2x.png */ = {isa = PBXFileReference; lastKnownFileType = image.png; path = "shift_split_10key@2x.png"; sourceTree = "<group>"; };
		3DFA62641CB70D0800EBB770 /* HunspellBridge.h */ = {isa = PBXFileReference; fileEncoding = 4; lastKnownFileType = sourcecode.c.h; path = HunspellBridge.h; sourceTree = "<group>"; };
		3DFA62651CB70D0800EBB770 /* HunspellBridge.mm */ = {isa = PBXFileReference; fileEncoding = 4; lastKnownFileType = sourcecode.cpp.objcpp; path = HunspellBridge.mm; sourceTree = "<group>"; };
		3DFA62661CB70D0800EBB770 /* SpellChecker.h */ = {isa = PBXFileReference; fileEncoding = 4; lastKnownFileType = sourcecode.c.h; path = SpellChecker.h; sourceTree = "<group>"; };
		3DFA62671CB70D0800EBB770 /* SpellChecker.mm */ = {isa = PBXFileReference; fileEncoding = 4; lastKnownFileType = sourcecode.cpp.objcpp; path = SpellChecker.mm; sourceTree = "<group>"; };
		3DFA626B1CB70D5A00EBB770 /* hy-AM.aff */ = {isa = PBXFileReference; fileEncoding = 4; lastKnownFileType = text; path = "hy-AM.aff"; sourceTree = "<group>"; };
		3DFA626C1CB70D5A00EBB770 /* hy-AM.dic */ = {isa = PBXFileReference; fileEncoding = 4; lastKnownFileType = text; path = "hy-AM.dic"; sourceTree = "<group>"; };
		3DFA62701CB70DA300EBB770 /* affentry.h */ = {isa = PBXFileReference; fileEncoding = 4; lastKnownFileType = sourcecode.c.h; path = affentry.h; sourceTree = "<group>"; };
		3DFA62711CB70DA300EBB770 /* affentry.mm */ = {isa = PBXFileReference; fileEncoding = 4; lastKnownFileType = sourcecode.cpp.objcpp; path = affentry.mm; sourceTree = "<group>"; };
		3DFA62721CB70DA300EBB770 /* affixmgr.h */ = {isa = PBXFileReference; fileEncoding = 4; lastKnownFileType = sourcecode.c.h; path = affixmgr.h; sourceTree = "<group>"; };
		3DFA62731CB70DA300EBB770 /* affixmgr.mm */ = {isa = PBXFileReference; fileEncoding = 4; lastKnownFileType = sourcecode.cpp.objcpp; path = affixmgr.mm; sourceTree = "<group>"; };
		3DFA62741CB70DA300EBB770 /* atypes.h */ = {isa = PBXFileReference; fileEncoding = 4; lastKnownFileType = sourcecode.c.h; path = atypes.h; sourceTree = "<group>"; };
		3DFA62751CB70DA300EBB770 /* baseaffix.h */ = {isa = PBXFileReference; fileEncoding = 4; lastKnownFileType = sourcecode.c.h; path = baseaffix.h; sourceTree = "<group>"; };
		3DFA62761CB70DA300EBB770 /* config.h */ = {isa = PBXFileReference; fileEncoding = 4; lastKnownFileType = sourcecode.c.h; path = config.h; sourceTree = "<group>"; };
		3DFA62771CB70DA300EBB770 /* csutil.h */ = {isa = PBXFileReference; fileEncoding = 4; lastKnownFileType = sourcecode.c.h; path = csutil.h; sourceTree = "<group>"; };
		3DFA62781CB70DA300EBB770 /* csutil.mm */ = {isa = PBXFileReference; fileEncoding = 4; lastKnownFileType = sourcecode.cpp.objcpp; path = csutil.mm; sourceTree = "<group>"; };
		3DFA62791CB70DA300EBB770 /* dictmgr.h */ = {isa = PBXFileReference; fileEncoding = 4; lastKnownFileType = sourcecode.c.h; path = dictmgr.h; sourceTree = "<group>"; };
		3DFA627A1CB70DA300EBB770 /* dictmgr.mm */ = {isa = PBXFileReference; fileEncoding = 4; lastKnownFileType = sourcecode.cpp.objcpp; path = dictmgr.mm; sourceTree = "<group>"; };
		3DFA627B1CB70DA300EBB770 /* filemgr.h */ = {isa = PBXFileReference; fileEncoding = 4; lastKnownFileType = sourcecode.c.h; path = filemgr.h; sourceTree = "<group>"; };
		3DFA627C1CB70DA300EBB770 /* filemgr.mm */ = {isa = PBXFileReference; fileEncoding = 4; lastKnownFileType = sourcecode.cpp.objcpp; path = filemgr.mm; sourceTree = "<group>"; };
		3DFA627D1CB70DA300EBB770 /* hashmgr.h */ = {isa = PBXFileReference; fileEncoding = 4; lastKnownFileType = sourcecode.c.h; path = hashmgr.h; sourceTree = "<group>"; };
		3DFA627E1CB70DA300EBB770 /* hashmgr.mm */ = {isa = PBXFileReference; fileEncoding = 4; lastKnownFileType = sourcecode.cpp.objcpp; path = hashmgr.mm; sourceTree = "<group>"; };
		3DFA627F1CB70DA300EBB770 /* htypes.h */ = {isa = PBXFileReference; fileEncoding = 4; lastKnownFileType = sourcecode.c.h; path = htypes.h; sourceTree = "<group>"; };
		3DFA62801CB70DA300EBB770 /* hunspell.dsp */ = {isa = PBXFileReference; fileEncoding = 4; lastKnownFileType = text; path = hunspell.dsp; sourceTree = "<group>"; };
		3DFA62811CB70DA300EBB770 /* hunspell.h */ = {isa = PBXFileReference; fileEncoding = 4; lastKnownFileType = sourcecode.c.h; path = hunspell.h; sourceTree = "<group>"; };
		3DFA62821CB70DA300EBB770 /* hunspell.mm */ = {isa = PBXFileReference; fileEncoding = 4; lastKnownFileType = sourcecode.cpp.objcpp; path = hunspell.mm; sourceTree = "<group>"; };
		3DFA62831CB70DA300EBB770 /* hunvisapi.h */ = {isa = PBXFileReference; fileEncoding = 4; lastKnownFileType = sourcecode.c.h; path = hunvisapi.h; sourceTree = "<group>"; };
		3DFA62841CB70DA300EBB770 /* hunvisapi.h.in */ = {isa = PBXFileReference; fileEncoding = 4; lastKnownFileType = text; path = hunvisapi.h.in; sourceTree = "<group>"; };
		3DFA62851CB70DA300EBB770 /* hunzip.h */ = {isa = PBXFileReference; fileEncoding = 4; lastKnownFileType = sourcecode.c.h; path = hunzip.h; sourceTree = "<group>"; };
		3DFA62861CB70DA300EBB770 /* hunzip.mm */ = {isa = PBXFileReference; fileEncoding = 4; lastKnownFileType = sourcecode.cpp.objcpp; path = hunzip.mm; sourceTree = "<group>"; };
		3DFA62871CB70DA300EBB770 /* langnum.h */ = {isa = PBXFileReference; fileEncoding = 4; lastKnownFileType = sourcecode.c.h; path = langnum.h; sourceTree = "<group>"; };
		3DFA62881CB70DA300EBB770 /* license.hunspell */ = {isa = PBXFileReference; fileEncoding = 4; lastKnownFileType = text; path = license.hunspell; sourceTree = "<group>"; };
		3DFA62891CB70DA300EBB770 /* license.myspell */ = {isa = PBXFileReference; fileEncoding = 4; lastKnownFileType = text; path = license.myspell; sourceTree = "<group>"; };
		3DFA628A1CB70DA300EBB770 /* Makefile.am */ = {isa = PBXFileReference; fileEncoding = 4; lastKnownFileType = text; path = Makefile.am; sourceTree = "<group>"; };
		3DFA628B1CB70DA300EBB770 /* Makefile.in */ = {isa = PBXFileReference; fileEncoding = 4; lastKnownFileType = text; path = Makefile.in; sourceTree = "<group>"; };
		3DFA628C1CB70DA300EBB770 /* makefile.mk */ = {isa = PBXFileReference; fileEncoding = 4; lastKnownFileType = text; path = makefile.mk; sourceTree = "<group>"; };
		3DFA628D1CB70DA300EBB770 /* phonet.h */ = {isa = PBXFileReference; fileEncoding = 4; lastKnownFileType = sourcecode.c.h; path = phonet.h; sourceTree = "<group>"; };
		3DFA628E1CB70DA300EBB770 /* phonet.mm */ = {isa = PBXFileReference; fileEncoding = 4; lastKnownFileType = sourcecode.cpp.objcpp; path = phonet.mm; sourceTree = "<group>"; };
		3DFA628F1CB70DA300EBB770 /* README */ = {isa = PBXFileReference; fileEncoding = 4; lastKnownFileType = text; path = README; sourceTree = "<group>"; };
		3DFA62901CB70DA300EBB770 /* replist.h */ = {isa = PBXFileReference; fileEncoding = 4; lastKnownFileType = sourcecode.c.h; path = replist.h; sourceTree = "<group>"; };
		3DFA62911CB70DA300EBB770 /* replist.mm */ = {isa = PBXFileReference; fileEncoding = 4; lastKnownFileType = sourcecode.cpp.objcpp; path = replist.mm; sourceTree = "<group>"; };
		3DFA62921CB70DA300EBB770 /* suggestmgr.h */ = {isa = PBXFileReference; fileEncoding = 4; lastKnownFileType = sourcecode.c.h; path = suggestmgr.h; sourceTree = "<group>"; };
		3DFA62931CB70DA300EBB770 /* suggestmgr.mm */ = {isa = PBXFileReference; fileEncoding = 4; lastKnownFileType = sourcecode.cpp.objcpp; path = suggestmgr.mm; sourceTree = "<group>"; };
		3DFA62941CB70DA300EBB770 /* w_char.h */ = {isa = PBXFileReference; fileEncoding = 4; lastKnownFileType = sourcecode.c.h; path = w_char.h; sourceTree = "<group>"; };
		3DFB4C932045E04900648068 /* ios_detect.h */ = {isa = PBXFileReference; lastKnownFileType = sourcecode.c.h; path = ios_detect.h; sourceTree = "<group>"; };
		3DFE2E0A1CD006520096D91B /* ArmenianAppForKeyboard.entitlements */ = {isa = PBXFileReference; lastKnownFileType = text.xml; path = ArmenianAppForKeyboard.entitlements; sourceTree = "<group>"; };
		3DFE2E0B1CD006640096D91B /* Armenian.entitlements */ = {isa = PBXFileReference; lastKnownFileType = text.xml; path = Armenian.entitlements; sourceTree = "<group>"; };
/* End PBXFileReference section */

/* Begin PBXFrameworksBuildPhase section */
		3D8BBAC91CAC40C800F8D7A4 /* Frameworks */ = {
			isa = PBXFrameworksBuildPhase;
			buildActionMask = 2147483647;
			files = (
			);
			runOnlyForDeploymentPostprocessing = 0;
		};
		3D8BBAE71CAC415C00F8D7A4 /* Frameworks */ = {
			isa = PBXFrameworksBuildPhase;
			buildActionMask = 2147483647;
			files = (
			);
			runOnlyForDeploymentPostprocessing = 0;
		};
/* End PBXFrameworksBuildPhase section */

/* Begin PBXGroup section */
		3D77059B1E9055C4008B4C55 /* dismiss */ = {
			isa = PBXGroup;
			children = (
				3D7705A81E90560B008B4C55 /* bold_dismiss_landscape.png */,
				3D7705A91E90560B008B4C55 /* bold_dismiss_portrait.png */,
				3D7705AA1E90560B008B4C55 /* bold_dismiss_split-163r.png */,
				3D7705AB1E90560B008B4C55 /* bold_dismiss_split.png */,
				3D77059C1E9055F6008B4C55 /* dismiss_landscape.png */,
				3D77059D1E9055F6008B4C55 /* dismiss_portrait.png */,
				3D77059E1E9055F6008B4C55 /* dismiss_split-163r.png */,
				3D77059F1E9055F6008B4C55 /* dismiss_split.png */,
			);
			name = dismiss;
			sourceTree = "<group>";
		};
		3D8BBAC31CAC40C700F8D7A4 = {
			isa = PBXGroup;
			children = (
				3DFB4C932045E04900648068 /* ios_detect.h */,
				3D9103351E2EBC5500B7EDAE /* SwipeViews */,
				3D8BBACE1CAC40C800F8D7A4 /* ArmenianAppForKeyboard */,
				3D8BBAEB1CAC415C00F8D7A4 /* Armenian */,
				3D8BBACD1CAC40C800F8D7A4 /* Products */,
			);
			sourceTree = "<group>";
		};
		3D8BBACD1CAC40C800F8D7A4 /* Products */ = {
			isa = PBXGroup;
			children = (
				3D8BBACC1CAC40C800F8D7A4 /* Armenian.app */,
				3D8BBAEA1CAC415C00F8D7A4 /* ArmenianKeyboard.appex */,
			);
			name = Products;
			sourceTree = "<group>";
		};
		3D8BBACE1CAC40C800F8D7A4 /* ArmenianAppForKeyboard */ = {
			isa = PBXGroup;
			children = (
				3DFE2E0A1CD006520096D91B /* ArmenianAppForKeyboard.entitlements */,
				3D8BBAD21CAC40C800F8D7A4 /* AppDelegate.h */,
				3D91033A1E2EBC8F00B7EDAE /* HelpFirst.h */,
				3D91033B1E2EBC8F00B7EDAE /* HelpFirst.m */,
				3D91033C1E2EBC8F00B7EDAE /* HelpFourth.h */,
				3D91033D1E2EBC8F00B7EDAE /* HelpFourth.m */,
				3D91033E1E2EBC8F00B7EDAE /* HelpSecond.h */,
				3D91033F1E2EBC8F00B7EDAE /* HelpSecond.m */,
				3D9103401E2EBC8F00B7EDAE /* HelpThird.h */,
				3D9103411E2EBC8F00B7EDAE /* HelpThird.m */,
				3D9103421E2EBC8F00B7EDAE /* KeyboardSetup.h */,
				3D9103431E2EBC8F00B7EDAE /* KeyboardSetup.m */,
				3D8BBAD31CAC40C800F8D7A4 /* AppDelegate.m */,
				3D8BBAD51CAC40C800F8D7A4 /* ViewController.h */,
				3D8BBAD61CAC40C800F8D7A4 /* ViewController.m */,
				3D8BBAD81CAC40C800F8D7A4 /* Main.storyboard */,
				3D8BBADB1CAC40C800F8D7A4 /* Assets.xcassets */,
				3D8BBADD1CAC40C800F8D7A4 /* LaunchScreen.storyboard */,
				3D91032F1E2EBBBF00B7EDAE /* OpenSans-Regular.ttf */,
				3D9103321E2EBC3500B7EDAE /* SF-UI-Display-Light.otf */,
				3D8BBAE01CAC40C800F8D7A4 /* Info.plist */,
				3D8BBACF1CAC40C800F8D7A4 /* Supporting Files */,
			);
			path = ArmenianAppForKeyboard;
			sourceTree = "<group>";
		};
		3D8BBACF1CAC40C800F8D7A4 /* Supporting Files */ = {
			isa = PBXGroup;
			children = (
				3D91034E1E2EBD7300B7EDAE /* Bullet.png */,
				3D91034F1E2EBD7300B7EDAE /* CurrentBullet.png */,
				3D9103501E2EBD7300B7EDAE /* IconCorner.png */,
				3D9103511E2EBD7300B7EDAE /* IconHome.png */,
				3D9103521E2EBD7300B7EDAE /* IconSettings.png */,
				3D9103531E2EBD7300B7EDAE /* instruction1.png */,
				3D9103541E2EBD7300B7EDAE /* instruction2.png */,
				3D9103551E2EBD7300B7EDAE /* NextButton.png */,
				3D9103561E2EBD7300B7EDAE /* SetupButton.png */,
				3D9103571E2EBD7300B7EDAE /* Step1.png */,
				3D9103581E2EBD7300B7EDAE /* Step2.png */,
				3D9103591E2EBD7300B7EDAE /* Step3.png */,
				3D8BBAD01CAC40C800F8D7A4 /* main.m */,
			);
			name = "Supporting Files";
			sourceTree = "<group>";
		};
		3D8BBAEB1CAC415C00F8D7A4 /* Armenian */ = {
			isa = PBXGroup;
			children = (
				3DFE2E0B1CD006640096D91B /* Armenian.entitlements */,
				3DFA62631CB70CD100EBB770 /* Hunspell Engine */,
				3D8BBB101CAC7E2D00F8D7A4 /* Graphics */,
				3D8BBB031CAC744100F8D7A4 /* CYRKeyboardButton */,
				3D8BBAF71CAC739500F8D7A4 /* Alpha.h */,
				3D8BBAF81CAC739500F8D7A4 /* Alpha.m */,
				3D8BBAEC1CAC415C00F8D7A4 /* KeyboardViewController.h */,
				3D8BBAED1CAC415C00F8D7A4 /* KeyboardViewController.m */,
				3D8BBAEF1CAC415C00F8D7A4 /* Info.plist */,
				3D8BBB0A1CAC7BD100F8D7A4 /* Colors.h */,
				3D8BBB0B1CAC7BD100F8D7A4 /* Colors.m */,
				3DBC300F1CB6A4A300F6E2EC /* PredictiveBar.h */,
				3DBC30101CB6A4A300F6E2EC /* PredictiveBar.m */,
			);
			path = Armenian;
			sourceTree = "<group>";
		};
		3D8BBB031CAC744100F8D7A4 /* CYRKeyboardButton */ = {
			isa = PBXGroup;
			children = (
				3D8BBAFA1CAC741B00F8D7A4 /* TurtleBezierPath.h */,
				3D8BBAFB1CAC741B00F8D7A4 /* TurtleBezierPath.m */,
				3D8BBB041CAC775800F8D7A4 /* CYRKeyboardButton.h */,
				3D8BBB051CAC775800F8D7A4 /* CYRKeyboardButton.m */,
				3D8BBB061CAC775800F8D7A4 /* CYRKeyboardButtonView.h */,
				3D8BBB071CAC775800F8D7A4 /* CYRKeyboardButtonView.m */,
			);
			name = CYRKeyboardButton;
			sourceTree = "<group>";
		};
		3D8BBB101CAC7E2D00F8D7A4 /* Graphics */ = {
			isa = PBXGroup;
			children = (
				3D77059B1E9055C4008B4C55 /* dismiss */,
				3DFA61EE1CB1097E00EBB770 /* delete */,
				3DFA61F71CB1097E00EBB770 /* global */,
				3DFA61FC1CB1097E00EBB770 /* shift */,
				3D8BBB0D1CAC7E2900F8D7A4 /* arnamu.ttf */,
				3DAA41311D03644F00E0E07C /* arnamu_bold.ttf */,
			);
			name = Graphics;
			sourceTree = "<group>";
		};
		3D9103351E2EBC5500B7EDAE /* SwipeViews */ = {
			isa = PBXGroup;
			children = (
				3D9103361E2EBC6400B7EDAE /* SwipeView.h */,
				3D9103371E2EBC6400B7EDAE /* SwipeView.m */,
			);
			name = SwipeViews;
			sourceTree = "<group>";
		};
		3DFA61EE1CB1097E00EBB770 /* delete */ = {
			isa = PBXGroup;
			children = (
				3DFA61EF1CB1097E00EBB770 /* bold_delete_landscape@2x.png */,
				3DFA61F01CB1097E00EBB770 /* bold_delete_landscape_skinny@2x.png */,
				3DFA61F11CB1097E00EBB770 /* bold_delete_portrait@2x.png */,
				3DFA61F21CB1097E00EBB770 /* bold_delete_portrait_skinny@2x.png */,
				3DFA61F31CB1097E00EBB770 /* delete_landscape@2x.png */,
				3DFA61F41CB1097E00EBB770 /* delete_landscape_skinny@2x.png */,
				3DFA61F51CB1097E00EBB770 /* delete_portrait@2x.png */,
				3DFA61F61CB1097E00EBB770 /* delete_portrait_skinny@2x.png */,
			);
			path = delete;
			sourceTree = "<group>";
		};
		3DFA61F71CB1097E00EBB770 /* global */ = {
			isa = PBXGroup;
			children = (
				3DFA61F81CB1097E00EBB770 /* bold_global_landscape@2x.png */,
				3DFA61F91CB1097E00EBB770 /* bold_global_portrait@2x.png */,
				3DFA61FA1CB1097E00EBB770 /* global_landscape@2x.png */,
				3DFA61FB1CB1097E00EBB770 /* global_portrait@2x.png */,
			);
			path = global;
			sourceTree = "<group>";
		};
		3DFA61FC1CB1097E00EBB770 /* shift */ = {
			isa = PBXGroup;
			children = (
				3DFA61FD1CB1097E00EBB770 /* shift_landscape@2x.png */,
				3DFA61FE1CB1097E00EBB770 /* shift_landscape_skinny@2x.png */,
				3DFA61FF1CB1097E00EBB770 /* shift_lock_landscape@2x.png */,
				3DFA62001CB1097E00EBB770 /* shift_lock_landscape_skinny@2x.png */,
				3DFA62011CB1097E00EBB770 /* shift_lock_portrait@2x.png */,
				3DFA62021CB1097E00EBB770 /* shift_lock_portrait_skinny@2x.png */,
				3DFA62031CB1097E00EBB770 /* shift_lock_split_10key@2x.png */,
				3DFA62041CB1097E00EBB770 /* shift_portrait@2x.png */,
				3DFA62051CB1097E00EBB770 /* shift_portrait_skinny@2x.png */,
				3DFA62061CB1097E00EBB770 /* shift_split_10key-163r@2x.png */,
				3DFA62071CB1097E00EBB770 /* shift_split_10key@2x.png */,
			);
			path = shift;
			sourceTree = "<group>";
		};
		3DFA62631CB70CD100EBB770 /* Hunspell Engine */ = {
			isa = PBXGroup;
			children = (
				3DFA626F1CB70D7A00EBB770 /* Hunspell */,
				3DFA626A1CB70D1E00EBB770 /* dictionaries */,
				3DFA62641CB70D0800EBB770 /* HunspellBridge.h */,
				3DFA62651CB70D0800EBB770 /* HunspellBridge.mm */,
				3DFA62661CB70D0800EBB770 /* SpellChecker.h */,
				3DFA62671CB70D0800EBB770 /* SpellChecker.mm */,
			);
			name = "Hunspell Engine";
			sourceTree = "<group>";
		};
		3DFA626A1CB70D1E00EBB770 /* dictionaries */ = {
			isa = PBXGroup;
			children = (
				3DFA626B1CB70D5A00EBB770 /* hy-AM.aff */,
				3DFA626C1CB70D5A00EBB770 /* hy-AM.dic */,
			);
			name = dictionaries;
			sourceTree = "<group>";
		};
		3DFA626F1CB70D7A00EBB770 /* Hunspell */ = {
			isa = PBXGroup;
			children = (
				3DFA62701CB70DA300EBB770 /* affentry.h */,
				3DFA62711CB70DA300EBB770 /* affentry.mm */,
				3DFA62721CB70DA300EBB770 /* affixmgr.h */,
				3DFA62731CB70DA300EBB770 /* affixmgr.mm */,
				3DFA62741CB70DA300EBB770 /* atypes.h */,
				3DFA62751CB70DA300EBB770 /* baseaffix.h */,
				3DFA62761CB70DA300EBB770 /* config.h */,
				3DFA62771CB70DA300EBB770 /* csutil.h */,
				3DFA62781CB70DA300EBB770 /* csutil.mm */,
				3DFA62791CB70DA300EBB770 /* dictmgr.h */,
				3DFA627A1CB70DA300EBB770 /* dictmgr.mm */,
				3DFA627B1CB70DA300EBB770 /* filemgr.h */,
				3DFA627C1CB70DA300EBB770 /* filemgr.mm */,
				3DFA627D1CB70DA300EBB770 /* hashmgr.h */,
				3DFA627E1CB70DA300EBB770 /* hashmgr.mm */,
				3DFA627F1CB70DA300EBB770 /* htypes.h */,
				3DFA62801CB70DA300EBB770 /* hunspell.dsp */,
				3DFA62811CB70DA300EBB770 /* hunspell.h */,
				3DFA62821CB70DA300EBB770 /* hunspell.mm */,
				3DFA62831CB70DA300EBB770 /* hunvisapi.h */,
				3DFA62841CB70DA300EBB770 /* hunvisapi.h.in */,
				3DFA62851CB70DA300EBB770 /* hunzip.h */,
				3DFA62861CB70DA300EBB770 /* hunzip.mm */,
				3DFA62871CB70DA300EBB770 /* langnum.h */,
				3DFA62881CB70DA300EBB770 /* license.hunspell */,
				3DFA62891CB70DA300EBB770 /* license.myspell */,
				3DFA628A1CB70DA300EBB770 /* Makefile.am */,
				3DFA628B1CB70DA300EBB770 /* Makefile.in */,
				3DFA628C1CB70DA300EBB770 /* makefile.mk */,
				3DFA628D1CB70DA300EBB770 /* phonet.h */,
				3DFA628E1CB70DA300EBB770 /* phonet.mm */,
				3DFA628F1CB70DA300EBB770 /* README */,
				3DFA62901CB70DA300EBB770 /* replist.h */,
				3DFA62911CB70DA300EBB770 /* replist.mm */,
				3DFA62921CB70DA300EBB770 /* suggestmgr.h */,
				3DFA62931CB70DA300EBB770 /* suggestmgr.mm */,
				3DFA62941CB70DA300EBB770 /* w_char.h */,
			);
			name = Hunspell;
			sourceTree = "<group>";
		};
/* End PBXGroup section */

/* Begin PBXNativeTarget section */
		3D8BBACB1CAC40C800F8D7A4 /* Armenian */ = {
			isa = PBXNativeTarget;
			buildConfigurationList = 3D8BBAE31CAC40C800F8D7A4 /* Build configuration list for PBXNativeTarget "Armenian" */;
			buildPhases = (
				3D8BBAC81CAC40C800F8D7A4 /* Sources */,
				3D8BBAC91CAC40C800F8D7A4 /* Frameworks */,
				3D8BBACA1CAC40C800F8D7A4 /* Resources */,
				3D8BBAF61CAC415C00F8D7A4 /* Embed App Extensions */,
			);
			buildRules = (
			);
			dependencies = (
				3D8BBAF11CAC415C00F8D7A4 /* PBXTargetDependency */,
			);
			name = Armenian;
			productName = ArmenianAppForKeyboard;
			productReference = 3D8BBACC1CAC40C800F8D7A4 /* Armenian.app */;
			productType = "com.apple.product-type.application";
		};
		3D8BBAE91CAC415C00F8D7A4 /* ArmenianKeyboard */ = {
			isa = PBXNativeTarget;
			buildConfigurationList = 3D8BBAF31CAC415C00F8D7A4 /* Build configuration list for PBXNativeTarget "ArmenianKeyboard" */;
			buildPhases = (
				3D8BBAE61CAC415C00F8D7A4 /* Sources */,
				3D8BBAE71CAC415C00F8D7A4 /* Frameworks */,
				3D8BBAE81CAC415C00F8D7A4 /* Resources */,
			);
			buildRules = (
			);
			dependencies = (
			);
			name = ArmenianKeyboard;
			productName = Armenian;
			productReference = 3D8BBAEA1CAC415C00F8D7A4 /* ArmenianKeyboard.appex */;
			productType = "com.apple.product-type.app-extension";
		};
/* End PBXNativeTarget section */

/* Begin PBXProject section */
		3D8BBAC41CAC40C700F8D7A4 /* Project object */ = {
			isa = PBXProject;
			attributes = {
				LastUpgradeCheck = 0720;
				ORGANIZATIONNAME = "Levon Poghosyan";
				TargetAttributes = {
					3D8BBACB1CAC40C800F8D7A4 = {
						CreatedOnToolsVersion = 7.2;
						DevelopmentTeam = 9T6PTAG3YA;
						SystemCapabilities = {
							com.apple.ApplicationGroups.iOS = {
								enabled = 1;
							};
							com.apple.SafariKeychain = {
								enabled = 0;
							};
						};
					};
					3D8BBAE91CAC415C00F8D7A4 = {
						CreatedOnToolsVersion = 7.2;
						DevelopmentTeam = 9T6PTAG3YA;
						SystemCapabilities = {
							com.apple.ApplicationGroups.iOS = {
								enabled = 1;
							};
						};
					};
				};
			};
			buildConfigurationList = 3D8BBAC71CAC40C700F8D7A4 /* Build configuration list for PBXProject "ArmenianAppForKeyboard" */;
			compatibilityVersion = "Xcode 3.2";
			developmentRegion = English;
			hasScannedForEncodings = 0;
			knownRegions = (
				English,
				en,
				Base,
			);
			mainGroup = 3D8BBAC31CAC40C700F8D7A4;
			productRefGroup = 3D8BBACD1CAC40C800F8D7A4 /* Products */;
			projectDirPath = "";
			projectRoot = "";
			targets = (
				3D8BBACB1CAC40C800F8D7A4 /* Armenian */,
				3D8BBAE91CAC415C00F8D7A4 /* ArmenianKeyboard */,
			);
		};
/* End PBXProject section */

/* Begin PBXResourcesBuildPhase section */
		3D8BBACA1CAC40C800F8D7A4 /* Resources */ = {
			isa = PBXResourcesBuildPhase;
			buildActionMask = 2147483647;
			files = (
				3D8BBADF1CAC40C800F8D7A4 /* LaunchScreen.storyboard in Resources */,
				3D7705A61E9055F6008B4C55 /* dismiss_split.png in Resources */,
				3D7705A41E9055F6008B4C55 /* dismiss_split-163r.png in Resources */,
				3D7705AC1E90560B008B4C55 /* bold_dismiss_landscape.png in Resources */,
				3D9103681E2EBD7300B7EDAE /* NextButton.png in Resources */,
				3D9103641E2EBD7300B7EDAE /* instruction1.png in Resources */,
				3D7705B01E90560B008B4C55 /* bold_dismiss_split-163r.png in Resources */,
				3D8BBADC1CAC40C800F8D7A4 /* Assets.xcassets in Resources */,
				3D7705B21E90560B008B4C55 /* bold_dismiss_split.png in Resources */,
				3D9103601E2EBD7300B7EDAE /* IconHome.png in Resources */,
				3D9103331E2EBC3500B7EDAE /* SF-UI-Display-Light.otf in Resources */,
				3D7705A01E9055F6008B4C55 /* dismiss_landscape.png in Resources */,
				3D8BBB0E1CAC7E2900F8D7A4 /* arnamu.ttf in Resources */,
				3D8BBADA1CAC40C800F8D7A4 /* Main.storyboard in Resources */,
				3D91036E1E2EBD7300B7EDAE /* Step2.png in Resources */,
				3D9103661E2EBD7300B7EDAE /* instruction2.png in Resources */,
				3D91035C1E2EBD7300B7EDAE /* CurrentBullet.png in Resources */,
				3D91035A1E2EBD7300B7EDAE /* Bullet.png in Resources */,
				3D9103301E2EBBBF00B7EDAE /* OpenSans-Regular.ttf in Resources */,
				3D9103621E2EBD7300B7EDAE /* IconSettings.png in Resources */,
				3D9103701E2EBD7300B7EDAE /* Step3.png in Resources */,
				3D7705AE1E90560B008B4C55 /* bold_dismiss_portrait.png in Resources */,
				3D91036C1E2EBD7300B7EDAE /* Step1.png in Resources */,
				3DAA41321D03644F00E0E07C /* arnamu_bold.ttf in Resources */,
				3D91035E1E2EBD7300B7EDAE /* IconCorner.png in Resources */,
				3D7705A21E9055F6008B4C55 /* dismiss_portrait.png in Resources */,
				3D91036A1E2EBD7300B7EDAE /* SetupButton.png in Resources */,
			);
			runOnlyForDeploymentPostprocessing = 0;
		};
		3D8BBAE81CAC415C00F8D7A4 /* Resources */ = {
			isa = PBXResourcesBuildPhase;
			buildActionMask = 2147483647;
			files = (
				3D7705A71E9055F6008B4C55 /* dismiss_split.png in Resources */,
				3DFA62A31CB70DA300EBB770 /* makefile.mk in Resources */,
				3D7705B31E90560B008B4C55 /* bold_dismiss_split.png in Resources */,
				3D7705A51E9055F6008B4C55 /* dismiss_split-163r.png in Resources */,
				3DFA621A1CB1097E00EBB770 /* shift_lock_split_10key@2x.png in Resources */,
				3D9103341E2EBC3500B7EDAE /* SF-UI-Display-Light.otf in Resources */,
				3DFA626E1CB70D5A00EBB770 /* hy-AM.dic in Resources */,
				3DFA62A11CB70DA300EBB770 /* Makefile.am in Resources */,
				3DFA62081CB1097E00EBB770 /* bold_delete_landscape@2x.png in Resources */,
				3DFA620D1CB1097E00EBB770 /* delete_landscape_skinny@2x.png in Resources */,
				3DFA62171CB1097E00EBB770 /* shift_lock_landscape_skinny@2x.png in Resources */,
				3DFA62181CB1097E00EBB770 /* shift_lock_portrait@2x.png in Resources */,
				3D9103631E2EBD7300B7EDAE /* IconSettings.png in Resources */,
				3DFA62A51CB70DA300EBB770 /* README in Resources */,
				3DFA620E1CB1097E00EBB770 /* delete_portrait@2x.png in Resources */,
				3D8BBB0F1CAC7E2900F8D7A4 /* arnamu.ttf in Resources */,
				3DFA629D1CB70DA300EBB770 /* hunvisapi.h.in in Resources */,
				3DFA62191CB1097E00EBB770 /* shift_lock_portrait_skinny@2x.png in Resources */,
				3DFA62101CB1097E00EBB770 /* bold_global_landscape@2x.png in Resources */,
				3D9103651E2EBD7300B7EDAE /* instruction1.png in Resources */,
				3DFA629B1CB70DA300EBB770 /* hunspell.dsp in Resources */,
				3DFA62131CB1097E00EBB770 /* global_portrait@2x.png in Resources */,
				3D9103671E2EBD7300B7EDAE /* instruction2.png in Resources */,
				3D7705B11E90560B008B4C55 /* bold_dismiss_split-163r.png in Resources */,
				3DFA62A21CB70DA300EBB770 /* Makefile.in in Resources */,
				3DFA621C1CB1097E00EBB770 /* shift_portrait_skinny@2x.png in Resources */,
				3D91035F1E2EBD7300B7EDAE /* IconCorner.png in Resources */,
				3DFA62091CB1097E00EBB770 /* bold_delete_landscape_skinny@2x.png in Resources */,
				3DFA621B1CB1097E00EBB770 /* shift_portrait@2x.png in Resources */,
				3DFA620F1CB1097E00EBB770 /* delete_portrait_skinny@2x.png in Resources */,
				3D7705A11E9055F6008B4C55 /* dismiss_landscape.png in Resources */,
				3D7705AF1E90560B008B4C55 /* bold_dismiss_portrait.png in Resources */,
				3D91036F1E2EBD7300B7EDAE /* Step2.png in Resources */,
				3DFA629F1CB70DA300EBB770 /* license.hunspell in Resources */,
				3D91035D1E2EBD7300B7EDAE /* CurrentBullet.png in Resources */,
				3DFA621D1CB1097E00EBB770 /* shift_split_10key-163r@2x.png in Resources */,
				3D7705A31E9055F6008B4C55 /* dismiss_portrait.png in Resources */,
				3DFA62161CB1097E00EBB770 /* shift_lock_landscape@2x.png in Resources */,
				3DFA620C1CB1097E00EBB770 /* delete_landscape@2x.png in Resources */,
				3D91036D1E2EBD7300B7EDAE /* Step1.png in Resources */,
				3D91036B1E2EBD7300B7EDAE /* SetupButton.png in Resources */,
				3D9103691E2EBD7300B7EDAE /* NextButton.png in Resources */,
				3DFA62111CB1097E00EBB770 /* bold_global_portrait@2x.png in Resources */,
				3DFA620B1CB1097E00EBB770 /* bold_delete_portrait_skinny@2x.png in Resources */,
				3DFA62141CB1097E00EBB770 /* shift_landscape@2x.png in Resources */,
				3D9103611E2EBD7300B7EDAE /* IconHome.png in Resources */,
				3DFA620A1CB1097E00EBB770 /* bold_delete_portrait@2x.png in Resources */,
				3DFA62151CB1097E00EBB770 /* shift_landscape_skinny@2x.png in Resources */,
				3D91035B1E2EBD7300B7EDAE /* Bullet.png in Resources */,
				3DFA62A01CB70DA300EBB770 /* license.myspell in Resources */,
				3DFA62121CB1097E00EBB770 /* global_landscape@2x.png in Resources */,
				3DFA621E1CB1097E00EBB770 /* shift_split_10key@2x.png in Resources */,
				3DAA41331D03644F00E0E07C /* arnamu_bold.ttf in Resources */,
				3D9103311E2EBBBF00B7EDAE /* OpenSans-Regular.ttf in Resources */,
				3D7705AD1E90560B008B4C55 /* bold_dismiss_landscape.png in Resources */,
				3D9103711E2EBD7300B7EDAE /* Step3.png in Resources */,
				3DFA626D1CB70D5A00EBB770 /* hy-AM.aff in Resources */,
			);
			runOnlyForDeploymentPostprocessing = 0;
		};
/* End PBXResourcesBuildPhase section */

/* Begin PBXSourcesBuildPhase section */
		3D8BBAC81CAC40C800F8D7A4 /* Sources */ = {
			isa = PBXSourcesBuildPhase;
			buildActionMask = 2147483647;
			files = (
				3D9103481E2EBC8F00B7EDAE /* HelpSecond.m in Sources */,
				3D1957DF1CCCE2C6000A879A /* TurtleBezierPath.h in Sources */,
				3D91034A1E2EBC8F00B7EDAE /* HelpThird.m in Sources */,
				3D1957E01CCCE2C6000A879A /* TurtleBezierPath.m in Sources */,
				3D1957E11CCCE2C6000A879A /* CYRKeyboardButton.h in Sources */,
				3D1957E21CCCE2C6000A879A /* CYRKeyboardButton.m in Sources */,
				3D9103461E2EBC8F00B7EDAE /* HelpFourth.m in Sources */,
				3D1957E31CCCE2C6000A879A /* CYRKeyboardButtonView.h in Sources */,
				3D1957E41CCCE2C6000A879A /* CYRKeyboardButtonView.m in Sources */,
				3D8BBAD71CAC40C800F8D7A4 /* ViewController.m in Sources */,
				3D8BBAD41CAC40C800F8D7A4 /* AppDelegate.m in Sources */,
				3D91034C1E2EBC8F00B7EDAE /* KeyboardSetup.m in Sources */,
				3D9103441E2EBC8F00B7EDAE /* HelpFirst.m in Sources */,
				3D8BBAD11CAC40C800F8D7A4 /* main.m in Sources */,
				3D9103381E2EBC6400B7EDAE /* SwipeView.m in Sources */,
			);
			runOnlyForDeploymentPostprocessing = 0;
		};
		3D8BBAE61CAC415C00F8D7A4 /* Sources */ = {
			isa = PBXSourcesBuildPhase;
			buildActionMask = 2147483647;
			files = (
				3D91034D1E2EBC8F00B7EDAE /* KeyboardSetup.m in Sources */,
				3DFA62691CB70D0800EBB770 /* SpellChecker.mm in Sources */,
				3DFA62961CB70DA300EBB770 /* affixmgr.mm in Sources */,
				3D8BBAF91CAC739500F8D7A4 /* Alpha.m in Sources */,
				3DFA62681CB70D0800EBB770 /* HunspellBridge.mm in Sources */,
				3DFA62981CB70DA300EBB770 /* dictmgr.mm in Sources */,
				3DFA62A41CB70DA300EBB770 /* phonet.mm in Sources */,
				3D8BBB0C1CAC7BD100F8D7A4 /* Colors.m in Sources */,
				3D8BBB091CAC775800F8D7A4 /* CYRKeyboardButtonView.m in Sources */,
				3D8BBB081CAC775800F8D7A4 /* CYRKeyboardButton.m in Sources */,
				3D91034B1E2EBC8F00B7EDAE /* HelpThird.m in Sources */,
				3D9103391E2EBC6400B7EDAE /* SwipeView.m in Sources */,
				3D8BBAFC1CAC741B00F8D7A4 /* TurtleBezierPath.m in Sources */,
				3D8BBAEE1CAC415C00F8D7A4 /* KeyboardViewController.m in Sources */,
				3DFA62971CB70DA300EBB770 /* csutil.mm in Sources */,
				3DFA62951CB70DA300EBB770 /* affentry.mm in Sources */,
				3DFA629A1CB70DA300EBB770 /* hashmgr.mm in Sources */,
				3DFA62991CB70DA300EBB770 /* filemgr.mm in Sources */,
				3DFA62A61CB70DA300EBB770 /* replist.mm in Sources */,
				3DFA629C1CB70DA300EBB770 /* hunspell.mm in Sources */,
				3DFA62A71CB70DA300EBB770 /* suggestmgr.mm in Sources */,
				3D9103451E2EBC8F00B7EDAE /* HelpFirst.m in Sources */,
				3D9103491E2EBC8F00B7EDAE /* HelpSecond.m in Sources */,
				3D9103471E2EBC8F00B7EDAE /* HelpFourth.m in Sources */,
				3DFA629E1CB70DA300EBB770 /* hunzip.mm in Sources */,
				3DBC30111CB6A4A300F6E2EC /* PredictiveBar.m in Sources */,
			);
			runOnlyForDeploymentPostprocessing = 0;
		};
/* End PBXSourcesBuildPhase section */

/* Begin PBXTargetDependency section */
		3D8BBAF11CAC415C00F8D7A4 /* PBXTargetDependency */ = {
			isa = PBXTargetDependency;
			target = 3D8BBAE91CAC415C00F8D7A4 /* ArmenianKeyboard */;
			targetProxy = 3D8BBAF01CAC415C00F8D7A4 /* PBXContainerItemProxy */;
		};
/* End PBXTargetDependency section */

/* Begin PBXVariantGroup section */
		3D8BBAD81CAC40C800F8D7A4 /* Main.storyboard */ = {
			isa = PBXVariantGroup;
			children = (
				3D8BBAD91CAC40C800F8D7A4 /* Base */,
			);
			name = Main.storyboard;
			sourceTree = "<group>";
		};
		3D8BBADD1CAC40C800F8D7A4 /* LaunchScreen.storyboard */ = {
			isa = PBXVariantGroup;
			children = (
				3D8BBADE1CAC40C800F8D7A4 /* Base */,
			);
			name = LaunchScreen.storyboard;
			sourceTree = "<group>";
		};
/* End PBXVariantGroup section */

/* Begin XCBuildConfiguration section */
		3D8BBAE11CAC40C800F8D7A4 /* Debug */ = {
			isa = XCBuildConfiguration;
			buildSettings = {
				ALWAYS_SEARCH_USER_PATHS = NO;
				CLANG_CXX_LANGUAGE_STANDARD = "gnu++0x";
				CLANG_CXX_LIBRARY = "libc++";
				CLANG_ENABLE_MODULES = YES;
				CLANG_ENABLE_OBJC_ARC = YES;
				CLANG_WARN_BOOL_CONVERSION = YES;
				CLANG_WARN_CONSTANT_CONVERSION = YES;
				CLANG_WARN_DIRECT_OBJC_ISA_USAGE = YES_ERROR;
				CLANG_WARN_EMPTY_BODY = YES;
				CLANG_WARN_ENUM_CONVERSION = YES;
				CLANG_WARN_INT_CONVERSION = YES;
				CLANG_WARN_OBJC_ROOT_CLASS = YES_ERROR;
				CLANG_WARN_UNREACHABLE_CODE = YES;
				CLANG_WARN__DUPLICATE_METHOD_MATCH = YES;
				"CODE_SIGN_IDENTITY[sdk=iphoneos*]" = "iPhone Developer";
				COPY_PHASE_STRIP = NO;
				DEBUG_INFORMATION_FORMAT = dwarf;
				ENABLE_STRICT_OBJC_MSGSEND = YES;
				ENABLE_TESTABILITY = YES;
				GCC_C_LANGUAGE_STANDARD = gnu99;
				GCC_DYNAMIC_NO_PIC = NO;
				GCC_NO_COMMON_BLOCKS = YES;
				GCC_OPTIMIZATION_LEVEL = 0;
				GCC_PREPROCESSOR_DEFINITIONS = (
					"DEBUG=1",
					"$(inherited)",
				);
				GCC_WARN_64_TO_32_BIT_CONVERSION = YES;
				GCC_WARN_ABOUT_RETURN_TYPE = YES_ERROR;
				GCC_WARN_UNDECLARED_SELECTOR = YES;
				GCC_WARN_UNINITIALIZED_AUTOS = YES_AGGRESSIVE;
				GCC_WARN_UNUSED_FUNCTION = YES;
				GCC_WARN_UNUSED_VARIABLE = YES;
				IPHONEOS_DEPLOYMENT_TARGET = 9.2;
				MTL_ENABLE_DEBUG_INFO = YES;
				ONLY_ACTIVE_ARCH = YES;
				PRODUCT_NAME = Armenian;
				SDKROOT = iphoneos;
				TARGETED_DEVICE_FAMILY = "1,2";
			};
			name = Debug;
		};
		3D8BBAE21CAC40C800F8D7A4 /* Release */ = {
			isa = XCBuildConfiguration;
			buildSettings = {
				ALWAYS_SEARCH_USER_PATHS = NO;
				CLANG_CXX_LANGUAGE_STANDARD = "gnu++0x";
				CLANG_CXX_LIBRARY = "libc++";
				CLANG_ENABLE_MODULES = YES;
				CLANG_ENABLE_OBJC_ARC = YES;
				CLANG_WARN_BOOL_CONVERSION = YES;
				CLANG_WARN_CONSTANT_CONVERSION = YES;
				CLANG_WARN_DIRECT_OBJC_ISA_USAGE = YES_ERROR;
				CLANG_WARN_EMPTY_BODY = YES;
				CLANG_WARN_ENUM_CONVERSION = YES;
				CLANG_WARN_INT_CONVERSION = YES;
				CLANG_WARN_OBJC_ROOT_CLASS = YES_ERROR;
				CLANG_WARN_UNREACHABLE_CODE = YES;
				CLANG_WARN__DUPLICATE_METHOD_MATCH = YES;
				"CODE_SIGN_IDENTITY[sdk=iphoneos*]" = "iPhone Developer";
				COPY_PHASE_STRIP = NO;
				DEBUG_INFORMATION_FORMAT = "dwarf-with-dsym";
				ENABLE_NS_ASSERTIONS = NO;
				ENABLE_STRICT_OBJC_MSGSEND = YES;
				GCC_C_LANGUAGE_STANDARD = gnu99;
				GCC_NO_COMMON_BLOCKS = YES;
				GCC_WARN_64_TO_32_BIT_CONVERSION = YES;
				GCC_WARN_ABOUT_RETURN_TYPE = YES_ERROR;
				GCC_WARN_UNDECLARED_SELECTOR = YES;
				GCC_WARN_UNINITIALIZED_AUTOS = YES_AGGRESSIVE;
				GCC_WARN_UNUSED_FUNCTION = YES;
				GCC_WARN_UNUSED_VARIABLE = YES;
				IPHONEOS_DEPLOYMENT_TARGET = 9.2;
				MTL_ENABLE_DEBUG_INFO = NO;
				PRODUCT_NAME = Armenian;
				SDKROOT = iphoneos;
				TARGETED_DEVICE_FAMILY = "1,2";
				VALIDATE_PRODUCT = YES;
			};
			name = Release;
		};
		3D8BBAE41CAC40C800F8D7A4 /* Debug */ = {
			isa = XCBuildConfiguration;
			buildSettings = {
				ASSETCATALOG_COMPILER_APPICON_NAME = AppIcon;
				ASSETCATALOG_COMPILER_LAUNCHIMAGE_NAME = "Brand Assets";
				CODE_SIGN_ENTITLEMENTS = ArmenianAppForKeyboard/ArmenianAppForKeyboard.entitlements;
				CURRENT_PROJECT_VERSION = 13;
				INFOPLIST_FILE = ArmenianAppForKeyboard/Info.plist;
				LD_RUNPATH_SEARCH_PATHS = "$(inherited) @executable_path/Frameworks";
				MARKETING_VERSION = 3.8;
				PRODUCT_BUNDLE_IDENTIFIER = com.LevonPoghosyan.ArmenianAppForKeyboard;
				PRODUCT_NAME = "$(TARGET_NAME)";
			};
			name = Debug;
		};
		3D8BBAE51CAC40C800F8D7A4 /* Release */ = {
			isa = XCBuildConfiguration;
			buildSettings = {
				ASSETCATALOG_COMPILER_APPICON_NAME = AppIcon;
				ASSETCATALOG_COMPILER_LAUNCHIMAGE_NAME = "Brand Assets";
				CODE_SIGN_ENTITLEMENTS = ArmenianAppForKeyboard/ArmenianAppForKeyboard.entitlements;
				CURRENT_PROJECT_VERSION = 13;
				INFOPLIST_FILE = ArmenianAppForKeyboard/Info.plist;
				LD_RUNPATH_SEARCH_PATHS = "$(inherited) @executable_path/Frameworks";
				MARKETING_VERSION = 3.8;
				PRODUCT_BUNDLE_IDENTIFIER = com.LevonPoghosyan.ArmenianAppForKeyboard;
				PRODUCT_NAME = "$(TARGET_NAME)";
			};
			name = Release;
		};
		3D8BBAF41CAC415C00F8D7A4 /* Debug */ = {
			isa = XCBuildConfiguration;
			buildSettings = {
				CODE_SIGN_ENTITLEMENTS = Armenian/Armenian.entitlements;
				CURRENT_PROJECT_VERSION = 13;
				INFOPLIST_FILE = Armenian/Info.plist;
				LD_RUNPATH_SEARCH_PATHS = "$(inherited) @executable_path/Frameworks @executable_path/../../Frameworks";
				MARKETING_VERSION = 3.8;
				PRODUCT_BUNDLE_IDENTIFIER = com.LevonPoghosyan.ArmenianAppForKeyboard.Armenian;
				PRODUCT_NAME = "$(TARGET_NAME)";
				SKIP_INSTALL = YES;
			};
			name = Debug;
		};
		3D8BBAF51CAC415C00F8D7A4 /* Release */ = {
			isa = XCBuildConfiguration;
			buildSettings = {
				CODE_SIGN_ENTITLEMENTS = Armenian/Armenian.entitlements;
				CURRENT_PROJECT_VERSION = 13;
				INFOPLIST_FILE = Armenian/Info.plist;
				LD_RUNPATH_SEARCH_PATHS = "$(inherited) @executable_path/Frameworks @executable_path/../../Frameworks";
				MARKETING_VERSION = 3.8;
				PRODUCT_BUNDLE_IDENTIFIER = com.LevonPoghosyan.ArmenianAppForKeyboard.Armenian;
				PRODUCT_NAME = "$(TARGET_NAME)";
				SKIP_INSTALL = YES;
			};
			name = Release;
		};
/* End XCBuildConfiguration section */

/* Begin XCConfigurationList section */
		3D8BBAC71CAC40C700F8D7A4 /* Build configuration list for PBXProject "ArmenianAppForKeyboard" */ = {
			isa = XCConfigurationList;
			buildConfigurations = (
				3D8BBAE11CAC40C800F8D7A4 /* Debug */,
				3D8BBAE21CAC40C800F8D7A4 /* Release */,
			);
			defaultConfigurationIsVisible = 0;
			defaultConfigurationName = Release;
		};
		3D8BBAE31CAC40C800F8D7A4 /* Build configuration list for PBXNativeTarget "Armenian" */ = {
			isa = XCConfigurationList;
			buildConfigurations = (
				3D8BBAE41CAC40C800F8D7A4 /* Debug */,
				3D8BBAE51CAC40C800F8D7A4 /* Release */,
			);
			defaultConfigurationIsVisible = 0;
			defaultConfigurationName = Release;
		};
		3D8BBAF31CAC415C00F8D7A4 /* Build configuration list for PBXNativeTarget "ArmenianKeyboard" */ = {
			isa = XCConfigurationList;
			buildConfigurations = (
				3D8BBAF41CAC415C00F8D7A4 /* Debug */,
				3D8BBAF51CAC415C00F8D7A4 /* Release */,
			);
			defaultConfigurationIsVisible = 0;
			defaultConfigurationName = Release;
		};
/* End XCConfigurationList section */
	};
	rootObject = 3D8BBAC41CAC40C700F8D7A4 /* Project object */;
}
